
Microsoft Visual Studio Solution File, Format Version 12.00
# Visual Studio Version 17
VisualStudioVersion = 17.8.34511.84
MinimumVisualStudioVersion = 10.0.40219.1
Project("{FAE04EC0-301F-11D3-BF4B-00C04F79EFBC}") = "BookStoreOData8", "BookStoreOData8\BookStoreOData8.csproj", "{54D0D78B-2830-47C1-A070-9716E8F437F0}"
EndProject
Global
	GlobalSection(SolutionConfigurationPlatforms) = preSolution
		Debug|Any CPU = Debug|Any CPU
		Release|Any CPU = Release|Any CPU
	EndGlobalSection
	GlobalSection(ProjectConfigurationPlatforms) = postSolution
		{54D0D78B-2830-47C1-A070-9716E8F437F0}.Debug|Any CPU.ActiveCfg = Debug|Any CPU
		{54D0D78B-2830-47C1-A070-9716E8F437F0}.Debug|Any CPU.Build.0 = Debug|Any CPU
		{54D0D78B-2830-47C1-A070-9716E8F437F0}.Release|Any CPU.ActiveCfg = Release|Any CPU
		{54D0D78B-2830-47C1-A070-9716E8F437F0}.Release|Any CPU.Build.0 = Release|Any CPU
	EndGlobalSection
	GlobalSection(SolutionProperties) = preSolution
		HideSolutionNode = FALSE
	EndGlobalSection
	GlobalSection(ExtensibilityGlobals) = postSolution
		SolutionGuid = {4F7ACAF1-979A-4F80-9EAC-452D2203A89E}
	EndGlobalSection
EndGlobal
